
Microsoft Visual Studio Solution File, Format Version 12.00
# Visual Studio 15
VisualStudioVersion = 15.0.26730.12
MinimumVisualStudioVersion = 10.0.40219.1
Project("{FAE04EC0-301F-11D3-BF4B-00C04F79EFBC}") = "EnigmaEmulator", "EnigmaEmulator\EnigmaEmulator.csproj", "{71514978-89BB-48A1-9C61-C72B56BF9F6D}"
EndProject
Global
	GlobalSection(SolutionConfigurationPlatforms) = preSolution
		Debug|Any CPU = Debug|Any CPU
		Release|Any CPU = Release|Any CPU
	EndGlobalSection
	GlobalSection(ProjectConfigurationPlatforms) = postSolution
		{71514978-89BB-48A1-9C61-C72B56BF9F6D}.Debug|Any CPU.ActiveCfg = Debug|Any CPU
		{71514978-89BB-48A1-9C61-C72B56BF9F6D}.Debug|Any CPU.Build.0 = Debug|Any CPU
		{71514978-89BB-48A1-9C61-C72B56BF9F6D}.Release|Any CPU.ActiveCfg = Release|Any CPU
		{71514978-89BB-48A1-9C61-C72B56BF9F6D}.Release|Any CPU.Build.0 = Release|Any CPU
	EndGlobalSection
	GlobalSection(SolutionProperties) = preSolution
		HideSolutionNode = FALSE
	EndGlobalSection
	GlobalSection(ExtensibilityGlobals) = postSolution
		SolutionGuid = {5DB75AB8-6B7E-4852-8A30-50E5A41614A7}
	EndGlobalSection
EndGlobal
